// !$*UTF8*$!
{
	archiveVersion = 1;
	classes = {
	};
	objectVersion = 50;
	objects = {

/* Begin PBXBuildFile section */
		FF00744923C0A813008E4AC0 /* CartTableViewCell.swift in Sources */ = {isa = PBXBuildFile; fileRef = FF00744823C0A813008E4AC0 /* CartTableViewCell.swift */; };
		FFACBBD923BF6629003C0883 /* ChickenViewController.swift in Sources */ = {isa = PBXBuildFile; fileRef = FFACBBD823BF6629003C0883 /* ChickenViewController.swift */; };
		FFACBBDB23BF694B003C0883 /* ChickenCollectionViewCell.swift in Sources */ = {isa = PBXBuildFile; fileRef = FFACBBDA23BF694B003C0883 /* ChickenCollectionViewCell.swift */; };
		FFACBBDD23BF8023003C0883 /* FoodModel.swift in Sources */ = {isa = PBXBuildFile; fileRef = FFACBBDC23BF8023003C0883 /* FoodModel.swift */; };
		FFACBBE823C07FF4003C0883 /* CartViewController.swift in Sources */ = {isa = PBXBuildFile; fileRef = FFACBBE723C07FF4003C0883 /* CartViewController.swift */; };
		FFB92AB523BE783D00E1FF6E /* AppDelegate.swift in Sources */ = {isa = PBXBuildFile; fileRef = FFB92AB423BE783D00E1FF6E /* AppDelegate.swift */; };
		FFB92AB723BE783D00E1FF6E /* SceneDelegate.swift in Sources */ = {isa = PBXBuildFile; fileRef = FFB92AB623BE783D00E1FF6E /* SceneDelegate.swift */; };
		FFB92ABC23BE783D00E1FF6E /* Main.storyboard in Resources */ = {isa = PBXBuildFile; fileRef = FFB92ABA23BE783D00E1FF6E /* Main.storyboard */; };
		FFB92ABE23BE783D00E1FF6E /* Assets.xcassets in Resources */ = {isa = PBXBuildFile; fileRef = FFB92ABD23BE783D00E1FF6E /* Assets.xcassets */; };
		FFB92AC123BE783D00E1FF6E /* LaunchScreen.storyboard in Resources */ = {isa = PBXBuildFile; fileRef = FFB92ABF23BE783D00E1FF6E /* LaunchScreen.storyboard */; };
		FFB92AC923BE7B1000E1FF6E /* MenuViewController.swift in Sources */ = {isa = PBXBuildFile; fileRef = FFB92AC823BE7B1000E1FF6E /* MenuViewController.swift */; };
		FFB92ACB23BE87D100E1FF6E /* MenuTableViewCell.swift in Sources */ = {isa = PBXBuildFile; fileRef = FFB92ACA23BE87D100E1FF6E /* MenuTableViewCell.swift */; };
/* End PBXBuildFile section */

/* Begin PBXFileReference section */
		FF00744823C0A813008E4AC0 /* CartTableViewCell.swift */ = {isa = PBXFileReference; lastKnownFileType = sourcecode.swift; path = CartTableViewCell.swift; sourceTree = "<group>"; };
		FFACBBD823BF6629003C0883 /* ChickenViewController.swift */ = {isa = PBXFileReference; lastKnownFileType = sourcecode.swift; path = ChickenViewController.swift; sourceTree = "<group>"; };
		FFACBBDA23BF694B003C0883 /* ChickenCollectionViewCell.swift */ = {isa = PBXFileReference; lastKnownFileType = sourcecode.swift; path = ChickenCollectionViewCell.swift; sourceTree = "<group>"; };
		FFACBBDC23BF8023003C0883 /* FoodModel.swift */ = {isa = PBXFileReference; lastKnownFileType = sourcecode.swift; path = FoodModel.swift; sourceTree = "<group>"; };
		FFACBBE723C07FF4003C0883 /* CartViewController.swift */ = {isa = PBXFileReference; lastKnownFileType = sourcecode.swift; path = CartViewController.swift; sourceTree = "<group>"; };
		FFB92AB123BE783D00E1FF6E /* Order My Food.app */ = {isa = PBXFileReference; explicitFileType = wrapper.application; includeInIndex = 0; path = "Order My Food.app"; sourceTree = BUILT_PRODUCTS_DIR; };
		FFB92AB423BE783D00E1FF6E /* AppDelegate.swift */ = {isa = PBXFileReference; lastKnownFileType = sourcecode.swift; path = AppDelegate.swift; sourceTree = "<group>"; };
		FFB92AB623BE783D00E1FF6E /* SceneDelegate.swift */ = {isa = PBXFileReference; lastKnownFileType = sourcecode.swift; path = SceneDelegate.swift; sourceTree = "<group>"; };
		FFB92ABB23BE783D00E1FF6E /* Base */ = {isa = PBXFileReference; lastKnownFileType = file.storyboard; name = Base; path = Base.lproj/Main.storyboard; sourceTree = "<group>"; };
		FFB92ABD23BE783D00E1FF6E /* Assets.xcassets */ = {isa = PBXFileReference; lastKnownFileType = folder.assetcatalog; path = Assets.xcassets; sourceTree = "<group>"; };
		FFB92AC023BE783D00E1FF6E /* Base */ = {isa = PBXFileReference; lastKnownFileType = file.storyboard; name = Base; path = Base.lproj/LaunchScreen.storyboard; sourceTree = "<group>"; };
		FFB92AC223BE783D00E1FF6E /* Info.plist */ = {isa = PBXFileReference; lastKnownFileType = text.plist.xml; path = Info.plist; sourceTree = "<group>"; };
		FFB92AC823BE7B1000E1FF6E /* MenuViewController.swift */ = {isa = PBXFileReference; lastKnownFileType = sourcecode.swift; path = MenuViewController.swift; sourceTree = "<group>"; };
		FFB92ACA23BE87D100E1FF6E /* MenuTableViewCell.swift */ = {isa = PBXFileReference; lastKnownFileType = sourcecode.swift; path = MenuTableViewCell.swift; sourceTree = "<group>"; };
/* End PBXFileReference section */

/* Begin PBXFrameworksBuildPhase section */
		FFB92AAE23BE783D00E1FF6E /* Frameworks */ = {
			isa = PBXFrameworksBuildPhase;
			buildActionMask = 2147483647;
			files = (
			);
			runOnlyForDeploymentPostprocessing = 0;
		};
/* End PBXFrameworksBuildPhase section */

/* Begin PBXGroup section */
		FFACBBE023BFB618003C0883 /* Model */ = {
			isa = PBXGroup;
			children = (
				FFACBBDC23BF8023003C0883 /* FoodModel.swift */,
			);
			path = Model;
			sourceTree = "<group>";
		};
		FFACBBE123BFB61F003C0883 /* View */ = {
			isa = PBXGroup;
			children = (
				FFB92ABA23BE783D00E1FF6E /* Main.storyboard */,
				FFB92ABF23BE783D00E1FF6E /* LaunchScreen.storyboard */,
			);
			path = View;
			sourceTree = "<group>";
		};
		FFACBBE223BFB626003C0883 /* Controller */ = {
			isa = PBXGroup;
			children = (
				FFACBBE423BFB697003C0883 /* Menu */,
				FFACBBE523BFB6AC003C0883 /* Chicken */,
				FFACBBE623C07FCC003C0883 /* Cart */,
			);
			path = Controller;
			sourceTree = "<group>";
		};
		FFACBBE323BFB64D003C0883 /* Supports */ = {
			isa = PBXGroup;
			children = (
				FFB92AB423BE783D00E1FF6E /* AppDelegate.swift */,
				FFB92AB623BE783D00E1FF6E /* SceneDelegate.swift */,
			);
			path = Supports;
			sourceTree = "<group>";
		};
		FFACBBE423BFB697003C0883 /* Menu */ = {
			isa = PBXGroup;
			children = (
				FFB92AC823BE7B1000E1FF6E /* MenuViewController.swift */,
				FFB92ACA23BE87D100E1FF6E /* MenuTableViewCell.swift */,
			);
			path = Menu;
			sourceTree = "<group>";
		};
		FFACBBE523BFB6AC003C0883 /* Chicken */ = {
			isa = PBXGroup;
			children = (
				FFACBBD823BF6629003C0883 /* ChickenViewController.swift */,
				FFACBBDA23BF694B003C0883 /* ChickenCollectionViewCell.swift */,
			);
			path = Chicken;
			sourceTree = "<group>";
		};
		FFACBBE623C07FCC003C0883 /* Cart */ = {
			isa = PBXGroup;
			children = (
				FFACBBE723C07FF4003C0883 /* CartViewController.swift */,
				FF00744823C0A813008E4AC0 /* CartTableViewCell.swift */,
			);
			path = Cart;
			sourceTree = "<group>";
		};
		FFB92AA823BE783D00E1FF6E = {
			isa = PBXGroup;
			children = (
				FFB92AB323BE783D00E1FF6E /* Order My Food */,
				FFB92AB223BE783D00E1FF6E /* Products */,
			);
			sourceTree = "<group>";
		};
		FFB92AB223BE783D00E1FF6E /* Products */ = {
			isa = PBXGroup;
			children = (
				FFB92AB123BE783D00E1FF6E /* Order My Food.app */,
			);
			name = Products;
			sourceTree = "<group>";
		};
		FFB92AB323BE783D00E1FF6E /* Order My Food */ = {
			isa = PBXGroup;
			children = (
				FFACBBE023BFB618003C0883 /* Model */,
				FFACBBE123BFB61F003C0883 /* View */,
				FFACBBE223BFB626003C0883 /* Controller */,
				FFACBBE323BFB64D003C0883 /* Supports */,
				FFB92ABD23BE783D00E1FF6E /* Assets.xcassets */,
				FFB92AC223BE783D00E1FF6E /* Info.plist */,
			);
			path = "Order My Food";
			sourceTree = "<group>";
		};
/* End PBXGroup section */

/* Begin PBXNativeTarget section */
		FFB92AB023BE783D00E1FF6E /* Order My Food */ = {
			isa = PBXNativeTarget;
			buildConfigurationList = FFB92AC523BE783D00E1FF6E /* Build configuration list for PBXNativeTarget "Order My Food" */;
			buildPhases = (
				FFB92AAD23BE783D00E1FF6E /* Sources */,
				FFB92AAE23BE783D00E1FF6E /* Frameworks */,
				FFB92AAF23BE783D00E1FF6E /* Resources */,
			);
			buildRules = (
			);
			dependencies = (
			);
			name = "Order My Food";
			productName = "Order My Food";
			productReference = FFB92AB123BE783D00E1FF6E /* Order My Food.app */;
			productType = "com.apple.product-type.application";
		};
/* End PBXNativeTarget section */

/* Begin PBXProject section */
		FFB92AA923BE783D00E1FF6E /* Project object */ = {
			isa = PBXProject;
			attributes = {
				LastSwiftUpdateCheck = 1130;
				LastUpgradeCheck = 1130;
				ORGANIZATIONNAME = "Fahim Rahman";
				TargetAttributes = {
					FFB92AB023BE783D00E1FF6E = {
						CreatedOnToolsVersion = 11.3;
					};
				};
			};
			buildConfigurationList = FFB92AAC23BE783D00E1FF6E /* Build configuration list for PBXProject "Order My Food" */;
			compatibilityVersion = "Xcode 9.3";
			developmentRegion = en;
			hasScannedForEncodings = 0;
			knownRegions = (
				en,
				Base,
			);
			mainGroup = FFB92AA823BE783D00E1FF6E;
			productRefGroup = FFB92AB223BE783D00E1FF6E /* Products */;
			projectDirPath = "";
			projectRoot = "";
			targets = (
				FFB92AB023BE783D00E1FF6E /* Order My Food */,
			);
		};
/* End PBXProject section */

/* Begin PBXResourcesBuildPhase section */
		FFB92AAF23BE783D00E1FF6E /* Resources */ = {
			isa = PBXResourcesBuildPhase;
			buildActionMask = 2147483647;
			files = (
				FFB92AC123BE783D00E1FF6E /* LaunchScreen.storyboard in Resources */,
				FFB92ABE23BE783D00E1FF6E /* Assets.xcassets in Resources */,
				FFB92ABC23BE783D00E1FF6E /* Main.storyboard in Resources */,
			);
			runOnlyForDeploymentPostprocessing = 0;
		};
/* End PBXResourcesBuildPhase section */

/* Begin PBXSourcesBuildPhase section */
		FFB92AAD23BE783D00E1FF6E /* Sources */ = {
			isa = PBXSourcesBuildPhase;
			buildActionMask = 2147483647;
			files = (
				FFB92AC923BE7B1000E1FF6E /* MenuViewController.swift in Sources */,
				FFACBBD923BF6629003C0883 /* ChickenViewController.swift in Sources */,
				FFB92AB523BE783D00E1FF6E /* AppDelegate.swift in Sources */,
				FF00744923C0A813008E4AC0 /* CartTableViewCell.swift in Sources */,
				FFB92ACB23BE87D100E1FF6E /* MenuTableViewCell.swift in Sources */,
				FFACBBE823C07FF4003C0883 /* CartViewController.swift in Sources */,
				FFACBBDB23BF694B003C0883 /* ChickenCollectionViewCell.swift in Sources */,
				FFB92AB723BE783D00E1FF6E /* SceneDelegate.swift in Sources */,
				FFACBBDD23BF8023003C0883 /* FoodModel.swift in Sources */,
			);
			runOnlyForDeploymentPostprocessing = 0;
		};
/* End PBXSourcesBuildPhase section */

/* Begin PBXVariantGroup section */
		FFB92ABA23BE783D00E1FF6E /* Main.storyboard */ = {
			isa = PBXVariantGroup;
			children = (
				FFB92ABB23BE783D00E1FF6E /* Base */,
			);
			name = Main.storyboard;
			sourceTree = "<group>";
		};
		FFB92ABF23BE783D00E1FF6E /* LaunchScreen.storyboard */ = {
			isa = PBXVariantGroup;
			children = (
				FFB92AC023BE783D00E1FF6E /* Base */,
			);
			name = LaunchScreen.storyboard;
			sourceTree = "<group>";
		};
/* End PBXVariantGroup section */

/* Begin XCBuildConfiguration section */
		FFB92AC323BE783D00E1FF6E /* Debug */ = {
			isa = XCBuildConfiguration;
			buildSettings = {
				ALWAYS_SEARCH_USER_PATHS = NO;
				CLANG_ANALYZER_NONNULL = YES;
				CLANG_ANALYZER_NUMBER_OBJECT_CONVERSION = YES_AGGRESSIVE;
				CLANG_CXX_LANGUAGE_STANDARD = "gnu++14";
				CLANG_CXX_LIBRARY = "libc++";
				CLANG_ENABLE_MODULES = YES;
				CLANG_ENABLE_OBJC_ARC = YES;
				CLANG_ENABLE_OBJC_WEAK = YES;
				CLANG_WARN_BLOCK_CAPTURE_AUTORELEASING = YES;
				CLANG_WARN_BOOL_CONVERSION = YES;
				CLANG_WARN_COMMA = YES;
				CLANG_WARN_CONSTANT_CONVERSION = YES;
				CLANG_WARN_DEPRECATED_OBJC_IMPLEMENTATIONS = YES;
				CLANG_WARN_DIRECT_OBJC_ISA_USAGE = YES_ERROR;
				CLANG_WARN_DOCUMENTATION_COMMENTS = YES;
				CLANG_WARN_EMPTY_BODY = YES;
				CLANG_WARN_ENUM_CONVERSION = YES;
				CLANG_WARN_INFINITE_RECURSION = YES;
				CLANG_WARN_INT_CONVERSION = YES;
				CLANG_WARN_NON_LITERAL_NULL_CONVERSION = YES;
				CLANG_WARN_OBJC_IMPLICIT_RETAIN_SELF = YES;
				CLANG_WARN_OBJC_LITERAL_CONVERSION = YES;
				CLANG_WARN_OBJC_ROOT_CLASS = YES_ERROR;
				CLANG_WARN_RANGE_LOOP_ANALYSIS = YES;
				CLANG_WARN_STRICT_PROTOTYPES = YES;
				CLANG_WARN_SUSPICIOUS_MOVE = YES;
				CLANG_WARN_UNGUARDED_AVAILABILITY = YES_AGGRESSIVE;
				CLANG_WARN_UNREACHABLE_CODE = YES;
				CLANG_WARN__DUPLICATE_METHOD_MATCH = YES;
				COPY_PHASE_STRIP = NO;
				DEBUG_INFORMATION_FORMAT = dwarf;
				ENABLE_STRICT_OBJC_MSGSEND = YES;
				ENABLE_TESTABILITY = YES;
				GCC_C_LANGUAGE_STANDARD = gnu11;
				GCC_DYNAMIC_NO_PIC = NO;
				GCC_NO_COMMON_BLOCKS = YES;
				GCC_OPTIMIZATION_LEVEL = 0;
				GCC_PREPROCESSOR_DEFINITIONS = (
					"DEBUG=1",
					"$(inherited)",
				);
				GCC_WARN_64_TO_32_BIT_CONVERSION = YES;
				GCC_WARN_ABOUT_RETURN_TYPE = YES_ERROR;
				GCC_WARN_UNDECLARED_SELECTOR = YES;
				GCC_WARN_UNINITIALIZED_AUTOS = YES_AGGRESSIVE;
				GCC_WARN_UNUSED_FUNCTION = YES;
				GCC_WARN_UNUSED_VARIABLE = YES;
				IPHONEOS_DEPLOYMENT_TARGET = 13.2;
				MTL_ENABLE_DEBUG_INFO = INCLUDE_SOURCE;
				MTL_FAST_MATH = YES;
				ONLY_ACTIVE_ARCH = YES;
				SDKROOT = iphoneos;
				SWIFT_ACTIVE_COMPILATION_CONDITIONS = DEBUG;
				SWIFT_OPTIMIZATION_LEVEL = "-Onone";
			};
			name = Debug;
		};
		FFB92AC423BE783D00E1FF6E /* Release */ = {
			isa = XCBuildConfiguration;
			buildSettings = {
				ALWAYS_SEARCH_USER_PATHS = NO;
				CLANG_ANALYZER_NONNULL = YES;
				CLANG_ANALYZER_NUMBER_OBJECT_CONVERSION = YES_AGGRESSIVE;
				CLANG_CXX_LANGUAGE_STANDARD = "gnu++14";
				CLANG_CXX_LIBRARY = "libc++";
				CLANG_ENABLE_MODULES = YES;
				CLANG_ENABLE_OBJC_ARC = YES;
				CLANG_ENABLE_OBJC_WEAK = YES;
				CLANG_WARN_BLOCK_CAPTURE_AUTORELEASING = YES;
				CLANG_WARN_BOOL_CONVERSION = YES;
				CLANG_WARN_COMMA = YES;
				CLANG_WARN_CONSTANT_CONVERSION = YES;
				CLANG_WARN_DEPRECATED_OBJC_IMPLEMENTATIONS = YES;
				CLANG_WARN_DIRECT_OBJC_ISA_USAGE = YES_ERROR;
				CLANG_WARN_DOCUMENTATION_COMMENTS = YES;
				CLANG_WARN_EMPTY_BODY = YES;
				CLANG_WARN_ENUM_CONVERSION = YES;
				CLANG_WARN_INFINITE_RECURSION = YES;
				CLANG_WARN_INT_CONVERSION = YES;
				CLANG_WARN_NON_LITERAL_NULL_CONVERSION = YES;
				CLANG_WARN_OBJC_IMPLICIT_RETAIN_SELF = YES;
				CLANG_WARN_OBJC_LITERAL_CONVERSION = YES;
				CLANG_WARN_OBJC_ROOT_CLASS = YES_ERROR;
				CLANG_WARN_RANGE_LOOP_ANALYSIS = YES;
				CLANG_WARN_STRICT_PROTOTYPES = YES;
				CLANG_WARN_SUSPICIOUS_MOVE = YES;
				CLANG_WARN_UNGUARDED_AVAILABILITY = YES_AGGRESSIVE;
				CLANG_WARN_UNREACHABLE_CODE = YES;
				CLANG_WARN__DUPLICATE_METHOD_MATCH = YES;
				COPY_PHASE_STRIP = NO;
				DEBUG_INFORMATION_FORMAT = "dwarf-with-dsym";
				ENABLE_NS_ASSERTIONS = NO;
				ENABLE_STRICT_OBJC_MSGSEND = YES;
				GCC_C_LANGUAGE_STANDARD = gnu11;
				GCC_NO_COMMON_BLOCKS = YES;
				GCC_WARN_64_TO_32_BIT_CONVERSION = YES;
				GCC_WARN_ABOUT_RETURN_TYPE = YES_ERROR;
				GCC_WARN_UNDECLARED_SELECTOR = YES;
				GCC_WARN_UNINITIALIZED_AUTOS = YES_AGGRESSIVE;
				GCC_WARN_UNUSED_FUNCTION = YES;
				GCC_WARN_UNUSED_VARIABLE = YES;
				IPHONEOS_DEPLOYMENT_TARGET = 13.2;
				MTL_ENABLE_DEBUG_INFO = NO;
				MTL_FAST_MATH = YES;
				SDKROOT = iphoneos;
				SWIFT_COMPILATION_MODE = wholemodule;
				SWIFT_OPTIMIZATION_LEVEL = "-O";
				VALIDATE_PRODUCT = YES;
			};
			name = Release;
		};
		FFB92AC623BE783D00E1FF6E /* Debug */ = {
			isa = XCBuildConfiguration;
			buildSettings = {
				ASSETCATALOG_COMPILER_APPICON_NAME = AppIcon;
				CODE_SIGN_STYLE = Automatic;
				DEVELOPMENT_TEAM = 4JWUSF25X2;
				INFOPLIST_FILE = "Order My Food/Info.plist";
				LD_RUNPATH_SEARCH_PATHS = (
					"$(inherited)",
					"@executable_path/Frameworks",
				);
				PRODUCT_BUNDLE_IDENTIFIER = "com.fahimrahman.Order-My-Food";
				PRODUCT_NAME = "$(TARGET_NAME)";
				SWIFT_VERSION = 5.0;
				TARGETED_DEVICE_FAMILY = 1;
			};
			name = Debug;
		};
		FFB92AC723BE783D00E1FF6E /* Release */ = {
			isa = XCBuildConfiguration;
			buildSettings = {
				ASSETCATALOG_COMPILER_APPICON_NAME = AppIcon;
				CODE_SIGN_STYLE = Automatic;
				DEVELOPMENT_TEAM = 4JWUSF25X2;
				INFOPLIST_FILE = "Order My Food/Info.plist";
				LD_RUNPATH_SEARCH_PATHS = (
					"$(inherited)",
					"@executable_path/Frameworks",
				);
				PRODUCT_BUNDLE_IDENTIFIER = "com.fahimrahman.Order-My-Food";
				PRODUCT_NAME = "$(TARGET_NAME)";
				SWIFT_VERSION = 5.0;
				TARGETED_DEVICE_FAMILY = 1;
			};
			name = Release;
		};
/* End XCBuildConfiguration section */

/* Begin XCConfigurationList section */
		FFB92AAC23BE783D00E1FF6E /* Build configuration list for PBXProject "Order My Food" */ = {
			isa = XCConfigurationList;
			buildConfigurations = (
				FFB92AC323BE783D00E1FF6E /* Debug */,
				FFB92AC423BE783D00E1FF6E /* Release */,
			);
			defaultConfigurationIsVisible = 0;
			defaultConfigurationName = Release;
		};
		FFB92AC523BE783D00E1FF6E /* Build configuration list for PBXNativeTarget "Order My Food" */ = {
			isa = XCConfigurationList;
			buildConfigurations = (
				FFB92AC623BE783D00E1FF6E /* Debug */,
				FFB92AC723BE783D00E1FF6E /* Release */,
			);
			defaultConfigurationIsVisible = 0;
			defaultConfigurationName = Release;
		};
/* End XCConfigurationList section */
	};
	rootObject = FFB92AA923BE783D00E1FF6E /* Project object */;
}
